// !$*UTF8*$!
{
	archiveVersion = 1;
	classes = {
	};
	objectVersion = 50;
	objects = {

/* Begin PBXBuildFile section */
		FC950CB223968E3C00C9B724 /* AppDelegate.swift in Sources */ = {isa = PBXBuildFile; fileRef = FC950CB123968E3C00C9B724 /* AppDelegate.swift */; };
		FC950CB423968E3C00C9B724 /* SceneDelegate.swift in Sources */ = {isa = PBXBuildFile; fileRef = FC950CB323968E3C00C9B724 /* SceneDelegate.swift */; };
		FC950CB623968E3C00C9B724 /* ViewController.swift in Sources */ = {isa = PBXBuildFile; fileRef = FC950CB523968E3C00C9B724 /* ViewController.swift */; };
		FC950CB923968E3C00C9B724 /* Main.storyboard in Resources */ = {isa = PBXBuildFile; fileRef = FC950CB723968E3C00C9B724 /* Main.storyboard */; };
		FC950CBB23968E3E00C9B724 /* Assets.xcassets in Resources */ = {isa = PBXBuildFile; fileRef = FC950CBA23968E3E00C9B724 /* Assets.xcassets */; };
		FC950CBE23968E3E00C9B724 /* LaunchScreen.storyboard in Resources */ = {isa = PBXBuildFile; fileRef = FC950CBC23968E3E00C9B724 /* LaunchScreen.storyboard */; };
		FC950CC923968E3E00C9B724 /* MVVM_CTests.swift in Sources */ = {isa = PBXBuildFile; fileRef = FC950CC823968E3E00C9B724 /* MVVM_CTests.swift */; };
/* End PBXBuildFile section */

/* Begin PBXContainerItemProxy section */
		FC950CC523968E3E00C9B724 /* PBXContainerItemProxy */ = {
			isa = PBXContainerItemProxy;
			containerPortal = FC950CA623968E3C00C9B724 /* Project object */;
			proxyType = 1;
			remoteGlobalIDString = FC950CAD23968E3C00C9B724;
			remoteInfo = "MVVM-C";
		};
/* End PBXContainerItemProxy section */

/* Begin PBXFileReference section */
		FC950CAE23968E3C00C9B724 /* MVVM-C.app */ = {isa = PBXFileReference; explicitFileType = wrapper.application; includeInIndex = 0; path = "MVVM-C.app"; sourceTree = BUILT_PRODUCTS_DIR; };
		FC950CB123968E3C00C9B724 /* AppDelegate.swift */ = {isa = PBXFileReference; lastKnownFileType = sourcecode.swift; path = AppDelegate.swift; sourceTree = "<group>"; };
		FC950CB323968E3C00C9B724 /* SceneDelegate.swift */ = {isa = PBXFileReference; lastKnownFileType = sourcecode.swift; path = SceneDelegate.swift; sourceTree = "<group>"; };
		FC950CB523968E3C00C9B724 /* ViewController.swift */ = {isa = PBXFileReference; lastKnownFileType = sourcecode.swift; path = ViewController.swift; sourceTree = "<group>"; };
		FC950CB823968E3C00C9B724 /* Base */ = {isa = PBXFileReference; lastKnownFileType = file.storyboard; name = Base; path = Base.lproj/Main.storyboard; sourceTree = "<group>"; };
		FC950CBA23968E3E00C9B724 /* Assets.xcassets */ = {isa = PBXFileReference; lastKnownFileType = folder.assetcatalog; path = Assets.xcassets; sourceTree = "<group>"; };
		FC950CBD23968E3E00C9B724 /* Base */ = {isa = PBXFileReference; lastKnownFileType = file.storyboard; name = Base; path = Base.lproj/LaunchScreen.storyboard; sourceTree = "<group>"; };
		FC950CBF23968E3E00C9B724 /* Info.plist */ = {isa = PBXFileReference; lastKnownFileType = text.plist.xml; path = Info.plist; sourceTree = "<group>"; };
		FC950CC423968E3E00C9B724 /* MVVM-CTests.xctest */ = {isa = PBXFileReference; explicitFileType = wrapper.cfbundle; includeInIndex = 0; path = "MVVM-CTests.xctest"; sourceTree = BUILT_PRODUCTS_DIR; };
		FC950CC823968E3E00C9B724 /* MVVM_CTests.swift */ = {isa = PBXFileReference; lastKnownFileType = sourcecode.swift; path = MVVM_CTests.swift; sourceTree = "<group>"; };
		FC950CCA23968E3E00C9B724 /* Info.plist */ = {isa = PBXFileReference; lastKnownFileType = text.plist.xml; path = Info.plist; sourceTree = "<group>"; };
/* End PBXFileReference section */

/* Begin PBXFrameworksBuildPhase section */
		FC950CAB23968E3C00C9B724 /* Frameworks */ = {
			isa = PBXFrameworksBuildPhase;
			buildActionMask = 2147483647;
			files = (
			);
			runOnlyForDeploymentPostprocessing = 0;
		};
		FC950CC123968E3E00C9B724 /* Frameworks */ = {
			isa = PBXFrameworksBuildPhase;
			buildActionMask = 2147483647;
			files = (
			);
			runOnlyForDeploymentPostprocessing = 0;
		};
/* End PBXFrameworksBuildPhase section */

/* Begin PBXGroup section */
		FC950CA523968E3C00C9B724 = {
			isa = PBXGroup;
			children = (
				FC950CB023968E3C00C9B724 /* MVVM-C */,
				FC950CC723968E3E00C9B724 /* MVVM-CTests */,
				FC950CAF23968E3C00C9B724 /* Products */,
			);
			sourceTree = "<group>";
		};
		FC950CAF23968E3C00C9B724 /* Products */ = {
			isa = PBXGroup;
			children = (
				FC950CAE23968E3C00C9B724 /* MVVM-C.app */,
				FC950CC423968E3E00C9B724 /* MVVM-CTests.xctest */,
			);
			name = Products;
			sourceTree = "<group>";
		};
		FC950CB023968E3C00C9B724 /* MVVM-C */ = {
			isa = PBXGroup;
			children = (
				FC950CB123968E3C00C9B724 /* AppDelegate.swift */,
				FC950CB323968E3C00C9B724 /* SceneDelegate.swift */,
				FC950CB523968E3C00C9B724 /* ViewController.swift */,
				FC950CB723968E3C00C9B724 /* Main.storyboard */,
				FC950CBA23968E3E00C9B724 /* Assets.xcassets */,
				FC950CBC23968E3E00C9B724 /* LaunchScreen.storyboard */,
				FC950CBF23968E3E00C9B724 /* Info.plist */,
			);
			path = "MVVM-C";
			sourceTree = "<group>";
		};
		FC950CC723968E3E00C9B724 /* MVVM-CTests */ = {
			isa = PBXGroup;
			children = (
				FC950CC823968E3E00C9B724 /* MVVM_CTests.swift */,
				FC950CCA23968E3E00C9B724 /* Info.plist */,
			);
			path = "MVVM-CTests";
			sourceTree = "<group>";
		};
/* End PBXGroup section */

/* Begin PBXNativeTarget section */
		FC950CAD23968E3C00C9B724 /* MVVM-C */ = {
			isa = PBXNativeTarget;
			buildConfigurationList = FC950CCD23968E3E00C9B724 /* Build configuration list for PBXNativeTarget "MVVM-C" */;
			buildPhases = (
				FC950CAA23968E3C00C9B724 /* Sources */,
				FC950CAB23968E3C00C9B724 /* Frameworks */,
				FC950CAC23968E3C00C9B724 /* Resources */,
			);
			buildRules = (
			);
			dependencies = (
			);
			name = "MVVM-C";
			productName = "MVVM-C";
			productReference = FC950CAE23968E3C00C9B724 /* MVVM-C.app */;
			productType = "com.apple.product-type.application";
		};
		FC950CC323968E3E00C9B724 /* MVVM-CTests */ = {
			isa = PBXNativeTarget;
			buildConfigurationList = FC950CD023968E3E00C9B724 /* Build configuration list for PBXNativeTarget "MVVM-CTests" */;
			buildPhases = (
				FC950CC023968E3E00C9B724 /* Sources */,
				FC950CC123968E3E00C9B724 /* Frameworks */,
				FC950CC223968E3E00C9B724 /* Resources */,
			);
			buildRules = (
			);
			dependencies = (
				FC950CC623968E3E00C9B724 /* PBXTargetDependency */,
			);
			name = "MVVM-CTests";
			productName = "MVVM-CTests";
			productReference = FC950CC423968E3E00C9B724 /* MVVM-CTests.xctest */;
			productType = "com.apple.product-type.bundle.unit-test";
		};
/* End PBXNativeTarget section */

/* Begin PBXProject section */
		FC950CA623968E3C00C9B724 /* Project object */ = {
			isa = PBXProject;
			attributes = {
				LastSwiftUpdateCheck = 1120;
				LastUpgradeCheck = 1120;
				ORGANIZATIONNAME = "Volodymyr Kolesnik";
				TargetAttributes = {
					FC950CAD23968E3C00C9B724 = {
						CreatedOnToolsVersion = 11.2.1;
					};
					FC950CC323968E3E00C9B724 = {
						CreatedOnToolsVersion = 11.2.1;
						TestTargetID = FC950CAD23968E3C00C9B724;
					};
				};
			};
			buildConfigurationList = FC950CA923968E3C00C9B724 /* Build configuration list for PBXProject "MVVM-C" */;
			compatibilityVersion = "Xcode 9.3";
			developmentRegion = en;
			hasScannedForEncodings = 0;
			knownRegions = (
				en,
				Base,
			);
			mainGroup = FC950CA523968E3C00C9B724;
			productRefGroup = FC950CAF23968E3C00C9B724 /* Products */;
			projectDirPath = "";
			projectRoot = "";
			targets = (
				FC950CAD23968E3C00C9B724 /* MVVM-C */,
				FC950CC323968E3E00C9B724 /* MVVM-CTests */,
			);
		};
/* End PBXProject section */

/* Begin PBXResourcesBuildPhase section */
		FC950CAC23968E3C00C9B724 /* Resources */ = {
			isa = PBXResourcesBuildPhase;
			buildActionMask = 2147483647;
			files = (
				FC950CBE23968E3E00C9B724 /* LaunchScreen.storyboard in Resources */,
				FC950CBB23968E3E00C9B724 /* Assets.xcassets in Resources */,
				FC950CB923968E3C00C9B724 /* Main.storyboard in Resources */,
			);
			runOnlyForDeploymentPostprocessing = 0;
		};
		FC950CC223968E3E00C9B724 /* Resources */ = {
			isa = PBXResourcesBuildPhase;
			buildActionMask = 2147483647;
			files = (
			);
			runOnlyForDeploymentPostprocessing = 0;
		};
/* End PBXResourcesBuildPhase section */

/* Begin PBXSourcesBuildPhase section */
		FC950CAA23968E3C00C9B724 /* Sources */ = {
			isa = PBXSourcesBuildPhase;
			buildActionMask = 2147483647;
			files = (
				FC950CB623968E3C00C9B724 /* ViewController.swift in Sources */,
				FC950CB223968E3C00C9B724 /* AppDelegate.swift in Sources */,
				FC950CB423968E3C00C9B724 /* SceneDelegate.swift in Sources */,
			);
			runOnlyForDeploymentPostprocessing = 0;
		};
		FC950CC023968E3E00C9B724 /* Sources */ = {
			isa = PBXSourcesBuildPhase;
			buildActionMask = 2147483647;
			files = (
				FC950CC923968E3E00C9B724 /* MVVM_CTests.swift in Sources */,
			);
			runOnlyForDeploymentPostprocessing = 0;
		};
/* End PBXSourcesBuildPhase section */

/* Begin PBXTargetDependency section */
		FC950CC623968E3E00C9B724 /* PBXTargetDependency */ = {
			isa = PBXTargetDependency;
			target = FC950CAD23968E3C00C9B724 /* MVVM-C */;
			targetProxy = FC950CC523968E3E00C9B724 /* PBXContainerItemProxy */;
		};
/* End PBXTargetDependency section */

/* Begin PBXVariantGroup section */
		FC950CB723968E3C00C9B724 /* Main.storyboard */ = {
			isa = PBXVariantGroup;
			children = (
				FC950CB823968E3C00C9B724 /* Base */,
			);
			name = Main.storyboard;
			sourceTree = "<group>";
		};
		FC950CBC23968E3E00C9B724 /* LaunchScreen.storyboard */ = {
			isa = PBXVariantGroup;
			children = (
				FC950CBD23968E3E00C9B724 /* Base */,
			);
			name = LaunchScreen.storyboard;
			sourceTree = "<group>";
		};
/* End PBXVariantGroup section */

/* Begin XCBuildConfiguration section */
		FC950CCB23968E3E00C9B724 /* Debug */ = {
			isa = XCBuildConfiguration;
			buildSettings = {
				ALWAYS_SEARCH_USER_PATHS = NO;
				CLANG_ANALYZER_NONNULL = YES;
				CLANG_ANALYZER_NUMBER_OBJECT_CONVERSION = YES_AGGRESSIVE;
				CLANG_CXX_LANGUAGE_STANDARD = "gnu++14";
				CLANG_CXX_LIBRARY = "libc++";
				CLANG_ENABLE_MODULES = YES;
				CLANG_ENABLE_OBJC_ARC = YES;
				CLANG_ENABLE_OBJC_WEAK = YES;
				CLANG_WARN_BLOCK_CAPTURE_AUTORELEASING = YES;
				CLANG_WARN_BOOL_CONVERSION = YES;
				CLANG_WARN_COMMA = YES;
				CLANG_WARN_CONSTANT_CONVERSION = YES;
				CLANG_WARN_DEPRECATED_OBJC_IMPLEMENTATIONS = YES;
				CLANG_WARN_DIRECT_OBJC_ISA_USAGE = YES_ERROR;
				CLANG_WARN_DOCUMENTATION_COMMENTS = YES;
				CLANG_WARN_EMPTY_BODY = YES;
				CLANG_WARN_ENUM_CONVERSION = YES;
				CLANG_WARN_INFINITE_RECURSION = YES;
				CLANG_WARN_INT_CONVERSION = YES;
				CLANG_WARN_NON_LITERAL_NULL_CONVERSION = YES;
				CLANG_WARN_OBJC_IMPLICIT_RETAIN_SELF = YES;
				CLANG_WARN_OBJC_LITERAL_CONVERSION = YES;
				CLANG_WARN_OBJC_ROOT_CLASS = YES_ERROR;
				CLANG_WARN_RANGE_LOOP_ANALYSIS = YES;
				CLANG_WARN_STRICT_PROTOTYPES = YES;
				CLANG_WARN_SUSPICIOUS_MOVE = YES;
				CLANG_WARN_UNGUARDED_AVAILABILITY = YES_AGGRESSIVE;
				CLANG_WARN_UNREACHABLE_CODE = YES;
				CLANG_WARN__DUPLICATE_METHOD_MATCH = YES;
				COPY_PHASE_STRIP = NO;
				DEBUG_INFORMATION_FORMAT = dwarf;
				ENABLE_STRICT_OBJC_MSGSEND = YES;
				ENABLE_TESTABILITY = YES;
				GCC_C_LANGUAGE_STANDARD = gnu11;
				GCC_DYNAMIC_NO_PIC = NO;
				GCC_NO_COMMON_BLOCKS = YES;
				GCC_OPTIMIZATION_LEVEL = 0;
				GCC_PREPROCESSOR_DEFINITIONS = (
					"DEBUG=1",
					"$(inherited)",
				);
				GCC_WARN_64_TO_32_BIT_CONVERSION = YES;
				GCC_WARN_ABOUT_RETURN_TYPE = YES_ERROR;
				GCC_WARN_UNDECLARED_SELECTOR = YES;
				GCC_WARN_UNINITIALIZED_AUTOS = YES_AGGRESSIVE;
				GCC_WARN_UNUSED_FUNCTION = YES;
				GCC_WARN_UNUSED_VARIABLE = YES;
				IPHONEOS_DEPLOYMENT_TARGET = 13.2;
				MTL_ENABLE_DEBUG_INFO = INCLUDE_SOURCE;
				MTL_FAST_MATH = YES;
				ONLY_ACTIVE_ARCH = YES;
				SDKROOT = iphoneos;
				SWIFT_ACTIVE_COMPILATION_CONDITIONS = DEBUG;
				SWIFT_OPTIMIZATION_LEVEL = "-Onone";
			};
			name = Debug;
		};
		FC950CCC23968E3E00C9B724 /* Release */ = {
			isa = XCBuildConfiguration;
			buildSettings = {
				ALWAYS_SEARCH_USER_PATHS = NO;
				CLANG_ANALYZER_NONNULL = YES;
				CLANG_ANALYZER_NUMBER_OBJECT_CONVERSION = YES_AGGRESSIVE;
				CLANG_CXX_LANGUAGE_STANDARD = "gnu++14";
				CLANG_CXX_LIBRARY = "libc++";
				CLANG_ENABLE_MODULES = YES;
				CLANG_ENABLE_OBJC_ARC = YES;
				CLANG_ENABLE_OBJC_WEAK = YES;
				CLANG_WARN_BLOCK_CAPTURE_AUTORELEASING = YES;
				CLANG_WARN_BOOL_CONVERSION = YES;
				CLANG_WARN_COMMA = YES;
				CLANG_WARN_CONSTANT_CONVERSION = YES;
				CLANG_WARN_DEPRECATED_OBJC_IMPLEMENTATIONS = YES;
				CLANG_WARN_DIRECT_OBJC_ISA_USAGE = YES_ERROR;
				CLANG_WARN_DOCUMENTATION_COMMENTS = YES;
				CLANG_WARN_EMPTY_BODY = YES;
				CLANG_WARN_ENUM_CONVERSION = YES;
				CLANG_WARN_INFINITE_RECURSION = YES;
				CLANG_WARN_INT_CONVERSION = YES;
				CLANG_WARN_NON_LITERAL_NULL_CONVERSION = YES;
				CLANG_WARN_OBJC_IMPLICIT_RETAIN_SELF = YES;
				CLANG_WARN_OBJC_LITERAL_CONVERSION = YES;
				CLANG_WARN_OBJC_ROOT_CLASS = YES_ERROR;
				CLANG_WARN_RANGE_LOOP_ANALYSIS = YES;
				CLANG_WARN_STRICT_PROTOTYPES = YES;
				CLANG_WARN_SUSPICIOUS_MOVE = YES;
				CLANG_WARN_UNGUARDED_AVAILABILITY = YES_AGGRESSIVE;
				CLANG_WARN_UNREACHABLE_CODE = YES;
				CLANG_WARN__DUPLICATE_METHOD_MATCH = YES;
				COPY_PHASE_STRIP = NO;
				DEBUG_INFORMATION_FORMAT = "dwarf-with-dsym";
				ENABLE_NS_ASSERTIONS = NO;
				ENABLE_STRICT_OBJC_MSGSEND = YES;
				GCC_C_LANGUAGE_STANDARD = gnu11;
				GCC_NO_COMMON_BLOCKS = YES;
				GCC_WARN_64_TO_32_BIT_CONVERSION = YES;
				GCC_WARN_ABOUT_RETURN_TYPE = YES_ERROR;
				GCC_WARN_UNDECLARED_SELECTOR = YES;
				GCC_WARN_UNINITIALIZED_AUTOS = YES_AGGRESSIVE;
				GCC_WARN_UNUSED_FUNCTION = YES;
				GCC_WARN_UNUSED_VARIABLE = YES;
				IPHONEOS_DEPLOYMENT_TARGET = 13.2;
				MTL_ENABLE_DEBUG_INFO = NO;
				MTL_FAST_MATH = YES;
				SDKROOT = iphoneos;
				SWIFT_COMPILATION_MODE = wholemodule;
				SWIFT_OPTIMIZATION_LEVEL = "-O";
				VALIDATE_PRODUCT = YES;
			};
			name = Release;
		};
		FC950CCE23968E3E00C9B724 /* Debug */ = {
			isa = XCBuildConfiguration;
			buildSettings = {
				ASSETCATALOG_COMPILER_APPICON_NAME = AppIcon;
				CODE_SIGN_STYLE = Automatic;
				DEVELOPMENT_TEAM = F3B7V2JF57;
				INFOPLIST_FILE = "MVVM-C/Info.plist";
				LD_RUNPATH_SEARCH_PATHS = (
					"$(inherited)",
					"@executable_path/Frameworks",
				);
				PRODUCT_BUNDLE_IDENTIFIER = "q.MVVM-C";
				PRODUCT_NAME = "$(TARGET_NAME)";
				SWIFT_VERSION = 5.0;
				TARGETED_DEVICE_FAMILY = "1,2";
			};
			name = Debug;
		};
		FC950CCF23968E3E00C9B724 /* Release */ = {
			isa = XCBuildConfiguration;
			buildSettings = {
				ASSETCATALOG_COMPILER_APPICON_NAME = AppIcon;
				CODE_SIGN_STYLE = Automatic;
				DEVELOPMENT_TEAM = F3B7V2JF57;
				INFOPLIST_FILE = "MVVM-C/Info.plist";
				LD_RUNPATH_SEARCH_PATHS = (
					"$(inherited)",
					"@executable_path/Frameworks",
				);
				PRODUCT_BUNDLE_IDENTIFIER = "q.MVVM-C";
				PRODUCT_NAME = "$(TARGET_NAME)";
				SWIFT_VERSION = 5.0;
				TARGETED_DEVICE_FAMILY = "1,2";
			};
			name = Release;
		};
		FC950CD123968E3E00C9B724 /* Debug */ = {
			isa = XCBuildConfiguration;
			buildSettings = {
				ALWAYS_EMBED_SWIFT_STANDARD_LIBRARIES = YES;
				BUNDLE_LOADER = "$(TEST_HOST)";
				CODE_SIGN_STYLE = Automatic;
				DEVELOPMENT_TEAM = F3B7V2JF57;
				INFOPLIST_FILE = "MVVM-CTests/Info.plist";
				IPHONEOS_DEPLOYMENT_TARGET = 13.2;
				LD_RUNPATH_SEARCH_PATHS = (
					"$(inherited)",
					"@executable_path/Frameworks",
					"@loader_path/Frameworks",
				);
				PRODUCT_BUNDLE_IDENTIFIER = "q.MVVM-CTests";
				PRODUCT_NAME = "$(TARGET_NAME)";
				SWIFT_VERSION = 5.0;
				TARGETED_DEVICE_FAMILY = "1,2";
				TEST_HOST = "$(BUILT_PRODUCTS_DIR)/MVVM-C.app/MVVM-C";
			};
			name = Debug;
		};
		FC950CD223968E3E00C9B724 /* Release */ = {
			isa = XCBuildConfiguration;
			buildSettings = {
				ALWAYS_EMBED_SWIFT_STANDARD_LIBRARIES = YES;
				BUNDLE_LOADER = "$(TEST_HOST)";
				CODE_SIGN_STYLE = Automatic;
				DEVELOPMENT_TEAM = F3B7V2JF57;
				INFOPLIST_FILE = "MVVM-CTests/Info.plist";
				IPHONEOS_DEPLOYMENT_TARGET = 13.2;
				LD_RUNPATH_SEARCH_PATHS = (
					"$(inherited)",
					"@executable_path/Frameworks",
					"@loader_path/Frameworks",
				);
				PRODUCT_BUNDLE_IDENTIFIER = "q.MVVM-CTests";
				PRODUCT_NAME = "$(TARGET_NAME)";
				SWIFT_VERSION = 5.0;
				TARGETED_DEVICE_FAMILY = "1,2";
				TEST_HOST = "$(BUILT_PRODUCTS_DIR)/MVVM-C.app/MVVM-C";
			};
			name = Release;
		};
/* End XCBuildConfiguration section */

/* Begin XCConfigurationList section */
		FC950CA923968E3C00C9B724 /* Build configuration list for PBXProject "MVVM-C" */ = {
			isa = XCConfigurationList;
			buildConfigurations = (
				FC950CCB23968E3E00C9B724 /* Debug */,
				FC950CCC23968E3E00C9B724 /* Release */,
			);
			defaultConfigurationIsVisible = 0;
			defaultConfigurationName = Release;
		};
		FC950CCD23968E3E00C9B724 /* Build configuration list for PBXNativeTarget "MVVM-C" */ = {
			isa = XCConfigurationList;
			buildConfigurations = (
				FC950CCE23968E3E00C9B724 /* Debug */,
				FC950CCF23968E3E00C9B724 /* Release */,
			);
			defaultConfigurationIsVisible = 0;
			defaultConfigurationName = Release;
		};
		FC950CD023968E3E00C9B724 /* Build configuration list for PBXNativeTarget "MVVM-CTests" */ = {
			isa = XCConfigurationList;
			buildConfigurations = (
				FC950CD123968E3E00C9B724 /* Debug */,
				FC950CD223968E3E00C9B724 /* Release */,
			);
			defaultConfigurationIsVisible = 0;
			defaultConfigurationName = Release;
		};
/* End XCConfigurationList section */
	};
	rootObject = FC950CA623968E3C00C9B724 /* Project object */;
}
