// !$*UTF8*$!
{
	archiveVersion = 1;
	classes = {
	};
	objectVersion = 50;
	objects = {

/* Begin PBXBuildFile section */
		FC950CE02396905200C9B724 /* AppDelegate.swift in Sources */ = {isa = PBXBuildFile; fileRef = FC950CDF2396905200C9B724 /* AppDelegate.swift */; };
		FC950CE22396905200C9B724 /* SceneDelegate.swift in Sources */ = {isa = PBXBuildFile; fileRef = FC950CE12396905200C9B724 /* SceneDelegate.swift */; };
		FC950CE92396905300C9B724 /* Assets.xcassets in Resources */ = {isa = PBXBuildFile; fileRef = FC950CE82396905300C9B724 /* Assets.xcassets */; };
		FC950CEC2396905300C9B724 /* LaunchScreen.storyboard in Resources */ = {isa = PBXBuildFile; fileRef = FC950CEA2396905300C9B724 /* LaunchScreen.storyboard */; };
		FC950CF72396905300C9B724 /* UpperIntermediateTests.swift in Sources */ = {isa = PBXBuildFile; fileRef = FC950CF62396905300C9B724 /* UpperIntermediateTests.swift */; };
		FC950D032396A00A00C9B724 /* SignInViewController.swift in Sources */ = {isa = PBXBuildFile; fileRef = FC950D012396A00A00C9B724 /* SignInViewController.swift */; };
		FC950D042396A00A00C9B724 /* SignInViewController.xib in Resources */ = {isa = PBXBuildFile; fileRef = FC950D022396A00A00C9B724 /* SignInViewController.xib */; };
		FC950D072396A25E00C9B724 /* SignInCoordinator.swift in Sources */ = {isa = PBXBuildFile; fileRef = FC950D062396A25E00C9B724 /* SignInCoordinator.swift */; };
		FC950D092396A26C00C9B724 /* SignInViewModel.swift in Sources */ = {isa = PBXBuildFile; fileRef = FC950D082396A26C00C9B724 /* SignInViewModel.swift */; };
		FC950D0B2396A2D100C9B724 /* MainCoordinator.swift in Sources */ = {isa = PBXBuildFile; fileRef = FC950D0A2396A2D100C9B724 /* MainCoordinator.swift */; };
		FC950D0F2396AA4B00C9B724 /* HomeViewController.swift in Sources */ = {isa = PBXBuildFile; fileRef = FC950D0D2396AA4B00C9B724 /* HomeViewController.swift */; };
		FC950D102396AA4B00C9B724 /* HomeViewController.xib in Resources */ = {isa = PBXBuildFile; fileRef = FC950D0E2396AA4B00C9B724 /* HomeViewController.xib */; };
		FC950D122396AA5900C9B724 /* HomeCoordinator.swift in Sources */ = {isa = PBXBuildFile; fileRef = FC950D112396AA5900C9B724 /* HomeCoordinator.swift */; };
		FC950D142396AA6D00C9B724 /* HomeViewModel.swift in Sources */ = {isa = PBXBuildFile; fileRef = FC950D132396AA6D00C9B724 /* HomeViewModel.swift */; };
		FC950D162398EDC000C9B724 /* HomeCellModel.swift in Sources */ = {isa = PBXBuildFile; fileRef = FC950D152398EDC000C9B724 /* HomeCellModel.swift */; };
		FC950D182398EE3A00C9B724 /* RandomStringsDataService.swift in Sources */ = {isa = PBXBuildFile; fileRef = FC950D172398EE3A00C9B724 /* RandomStringsDataService.swift */; };
/* End PBXBuildFile section */

/* Begin PBXContainerItemProxy section */
		FC950CF32396905300C9B724 /* PBXContainerItemProxy */ = {
			isa = PBXContainerItemProxy;
			containerPortal = FC950CD42396905200C9B724 /* Project object */;
			proxyType = 1;
			remoteGlobalIDString = FC950CDB2396905200C9B724;
			remoteInfo = UpperIntermediate;
		};
/* End PBXContainerItemProxy section */

/* Begin PBXFileReference section */
		FC950CDC2396905200C9B724 /* UpperIntermediate.app */ = {isa = PBXFileReference; explicitFileType = wrapper.application; includeInIndex = 0; path = UpperIntermediate.app; sourceTree = BUILT_PRODUCTS_DIR; };
		FC950CDF2396905200C9B724 /* AppDelegate.swift */ = {isa = PBXFileReference; lastKnownFileType = sourcecode.swift; path = AppDelegate.swift; sourceTree = "<group>"; };
		FC950CE12396905200C9B724 /* SceneDelegate.swift */ = {isa = PBXFileReference; lastKnownFileType = sourcecode.swift; path = SceneDelegate.swift; sourceTree = "<group>"; };
		FC950CE82396905300C9B724 /* Assets.xcassets */ = {isa = PBXFileReference; lastKnownFileType = folder.assetcatalog; path = Assets.xcassets; sourceTree = "<group>"; };
		FC950CEB2396905300C9B724 /* Base */ = {isa = PBXFileReference; lastKnownFileType = file.storyboard; name = Base; path = Base.lproj/LaunchScreen.storyboard; sourceTree = "<group>"; };
		FC950CED2396905300C9B724 /* Info.plist */ = {isa = PBXFileReference; lastKnownFileType = text.plist.xml; path = Info.plist; sourceTree = "<group>"; };
		FC950CF22396905300C9B724 /* UpperIntermediateTests.xctest */ = {isa = PBXFileReference; explicitFileType = wrapper.cfbundle; includeInIndex = 0; path = UpperIntermediateTests.xctest; sourceTree = BUILT_PRODUCTS_DIR; };
		FC950CF62396905300C9B724 /* UpperIntermediateTests.swift */ = {isa = PBXFileReference; lastKnownFileType = sourcecode.swift; path = UpperIntermediateTests.swift; sourceTree = "<group>"; };
		FC950CF82396905300C9B724 /* Info.plist */ = {isa = PBXFileReference; lastKnownFileType = text.plist.xml; path = Info.plist; sourceTree = "<group>"; };
		FC950D012396A00A00C9B724 /* SignInViewController.swift */ = {isa = PBXFileReference; lastKnownFileType = sourcecode.swift; path = SignInViewController.swift; sourceTree = "<group>"; };
		FC950D022396A00A00C9B724 /* SignInViewController.xib */ = {isa = PBXFileReference; lastKnownFileType = file.xib; path = SignInViewController.xib; sourceTree = "<group>"; };
		FC950D062396A25E00C9B724 /* SignInCoordinator.swift */ = {isa = PBXFileReference; lastKnownFileType = sourcecode.swift; path = SignInCoordinator.swift; sourceTree = "<group>"; };
		FC950D082396A26C00C9B724 /* SignInViewModel.swift */ = {isa = PBXFileReference; lastKnownFileType = sourcecode.swift; path = SignInViewModel.swift; sourceTree = "<group>"; };
		FC950D0A2396A2D100C9B724 /* MainCoordinator.swift */ = {isa = PBXFileReference; lastKnownFileType = sourcecode.swift; path = MainCoordinator.swift; sourceTree = "<group>"; };
		FC950D0D2396AA4B00C9B724 /* HomeViewController.swift */ = {isa = PBXFileReference; lastKnownFileType = sourcecode.swift; path = HomeViewController.swift; sourceTree = "<group>"; };
		FC950D0E2396AA4B00C9B724 /* HomeViewController.xib */ = {isa = PBXFileReference; lastKnownFileType = file.xib; path = HomeViewController.xib; sourceTree = "<group>"; };
		FC950D112396AA5900C9B724 /* HomeCoordinator.swift */ = {isa = PBXFileReference; lastKnownFileType = sourcecode.swift; path = HomeCoordinator.swift; sourceTree = "<group>"; };
		FC950D132396AA6D00C9B724 /* HomeViewModel.swift */ = {isa = PBXFileReference; lastKnownFileType = sourcecode.swift; path = HomeViewModel.swift; sourceTree = "<group>"; };
		FC950D152398EDC000C9B724 /* HomeCellModel.swift */ = {isa = PBXFileReference; lastKnownFileType = sourcecode.swift; path = HomeCellModel.swift; sourceTree = "<group>"; };
		FC950D172398EE3A00C9B724 /* RandomStringsDataService.swift */ = {isa = PBXFileReference; lastKnownFileType = sourcecode.swift; path = RandomStringsDataService.swift; sourceTree = "<group>"; };
/* End PBXFileReference section */

/* Begin PBXFrameworksBuildPhase section */
		FC950CD92396905200C9B724 /* Frameworks */ = {
			isa = PBXFrameworksBuildPhase;
			buildActionMask = 2147483647;
			files = (
			);
			runOnlyForDeploymentPostprocessing = 0;
		};
		FC950CEF2396905300C9B724 /* Frameworks */ = {
			isa = PBXFrameworksBuildPhase;
			buildActionMask = 2147483647;
			files = (
			);
			runOnlyForDeploymentPostprocessing = 0;
		};
/* End PBXFrameworksBuildPhase section */

/* Begin PBXGroup section */
		FC950CD32396905200C9B724 = {
			isa = PBXGroup;
			children = (
				FC950CDE2396905200C9B724 /* UpperIntermediate */,
				FC950CF52396905300C9B724 /* UpperIntermediateTests */,
				FC950CDD2396905200C9B724 /* Products */,
			);
			sourceTree = "<group>";
		};
		FC950CDD2396905200C9B724 /* Products */ = {
			isa = PBXGroup;
			children = (
				FC950CDC2396905200C9B724 /* UpperIntermediate.app */,
				FC950CF22396905300C9B724 /* UpperIntermediateTests.xctest */,
			);
			name = Products;
			sourceTree = "<group>";
		};
		FC950CDE2396905200C9B724 /* UpperIntermediate */ = {
			isa = PBXGroup;
			children = (
				FC950CDF2396905200C9B724 /* AppDelegate.swift */,
				FC950CE12396905200C9B724 /* SceneDelegate.swift */,
				FC950CE82396905300C9B724 /* Assets.xcassets */,
				FC950CEA2396905300C9B724 /* LaunchScreen.storyboard */,
				FC950D0A2396A2D100C9B724 /* MainCoordinator.swift */,
				FC950D052396A23D00C9B724 /* SignIn */,
				FC950D0C2396AA3000C9B724 /* Home */,
				FC950D172398EE3A00C9B724 /* RandomStringsDataService.swift */,
				FC950CED2396905300C9B724 /* Info.plist */,
			);
			path = UpperIntermediate;
			sourceTree = "<group>";
		};
		FC950CF52396905300C9B724 /* UpperIntermediateTests */ = {
			isa = PBXGroup;
			children = (
				FC950CF62396905300C9B724 /* UpperIntermediateTests.swift */,
				FC950CF82396905300C9B724 /* Info.plist */,
			);
			path = UpperIntermediateTests;
			sourceTree = "<group>";
		};
		FC950D052396A23D00C9B724 /* SignIn */ = {
			isa = PBXGroup;
			children = (
				FC950D062396A25E00C9B724 /* SignInCoordinator.swift */,
				FC950D012396A00A00C9B724 /* SignInViewController.swift */,
				FC950D022396A00A00C9B724 /* SignInViewController.xib */,
				FC950D082396A26C00C9B724 /* SignInViewModel.swift */,
			);
			path = SignIn;
			sourceTree = "<group>";
		};
		FC950D0C2396AA3000C9B724 /* Home */ = {
			isa = PBXGroup;
			children = (
				FC950D112396AA5900C9B724 /* HomeCoordinator.swift */,
				FC950D0D2396AA4B00C9B724 /* HomeViewController.swift */,
				FC950D0E2396AA4B00C9B724 /* HomeViewController.xib */,
				FC950D132396AA6D00C9B724 /* HomeViewModel.swift */,
				FC950D152398EDC000C9B724 /* HomeCellModel.swift */,
			);
			path = Home;
			sourceTree = "<group>";
		};
/* End PBXGroup section */

/* Begin PBXNativeTarget section */
		FC950CDB2396905200C9B724 /* UpperIntermediate */ = {
			isa = PBXNativeTarget;
			buildConfigurationList = FC950CFB2396905300C9B724 /* Build configuration list for PBXNativeTarget "UpperIntermediate" */;
			buildPhases = (
				FC950CD82396905200C9B724 /* Sources */,
				FC950CD92396905200C9B724 /* Frameworks */,
				FC950CDA2396905200C9B724 /* Resources */,
			);
			buildRules = (
			);
			dependencies = (
			);
			name = UpperIntermediate;
			productName = UpperIntermediate;
			productReference = FC950CDC2396905200C9B724 /* UpperIntermediate.app */;
			productType = "com.apple.product-type.application";
		};
		FC950CF12396905300C9B724 /* UpperIntermediateTests */ = {
			isa = PBXNativeTarget;
			buildConfigurationList = FC950CFE2396905300C9B724 /* Build configuration list for PBXNativeTarget "UpperIntermediateTests" */;
			buildPhases = (
				FC950CEE2396905300C9B724 /* Sources */,
				FC950CEF2396905300C9B724 /* Frameworks */,
				FC950CF02396905300C9B724 /* Resources */,
			);
			buildRules = (
			);
			dependencies = (
				FC950CF42396905300C9B724 /* PBXTargetDependency */,
			);
			name = UpperIntermediateTests;
			productName = UpperIntermediateTests;
			productReference = FC950CF22396905300C9B724 /* UpperIntermediateTests.xctest */;
			productType = "com.apple.product-type.bundle.unit-test";
		};
/* End PBXNativeTarget section */

/* Begin PBXProject section */
		FC950CD42396905200C9B724 /* Project object */ = {
			isa = PBXProject;
			attributes = {
				LastSwiftUpdateCheck = 1120;
				LastUpgradeCheck = 1120;
				ORGANIZATIONNAME = "Volodymyr Kolesnik";
				TargetAttributes = {
					FC950CDB2396905200C9B724 = {
						CreatedOnToolsVersion = 11.2.1;
					};
					FC950CF12396905300C9B724 = {
						CreatedOnToolsVersion = 11.2.1;
						TestTargetID = FC950CDB2396905200C9B724;
					};
				};
			};
			buildConfigurationList = FC950CD72396905200C9B724 /* Build configuration list for PBXProject "UpperIntermediate" */;
			compatibilityVersion = "Xcode 9.3";
			developmentRegion = en;
			hasScannedForEncodings = 0;
			knownRegions = (
				en,
				Base,
			);
			mainGroup = FC950CD32396905200C9B724;
			productRefGroup = FC950CDD2396905200C9B724 /* Products */;
			projectDirPath = "";
			projectRoot = "";
			targets = (
				FC950CDB2396905200C9B724 /* UpperIntermediate */,
				FC950CF12396905300C9B724 /* UpperIntermediateTests */,
			);
		};
/* End PBXProject section */

/* Begin PBXResourcesBuildPhase section */
		FC950CDA2396905200C9B724 /* Resources */ = {
			isa = PBXResourcesBuildPhase;
			buildActionMask = 2147483647;
			files = (
				FC950D042396A00A00C9B724 /* SignInViewController.xib in Resources */,
				FC950CEC2396905300C9B724 /* LaunchScreen.storyboard in Resources */,
				FC950CE92396905300C9B724 /* Assets.xcassets in Resources */,
				FC950D102396AA4B00C9B724 /* HomeViewController.xib in Resources */,
			);
			runOnlyForDeploymentPostprocessing = 0;
		};
		FC950CF02396905300C9B724 /* Resources */ = {
			isa = PBXResourcesBuildPhase;
			buildActionMask = 2147483647;
			files = (
			);
			runOnlyForDeploymentPostprocessing = 0;
		};
/* End PBXResourcesBuildPhase section */

/* Begin PBXSourcesBuildPhase section */
		FC950CD82396905200C9B724 /* Sources */ = {
			isa = PBXSourcesBuildPhase;
			buildActionMask = 2147483647;
			files = (
				FC950D032396A00A00C9B724 /* SignInViewController.swift in Sources */,
				FC950D142396AA6D00C9B724 /* HomeViewModel.swift in Sources */,
				FC950D0B2396A2D100C9B724 /* MainCoordinator.swift in Sources */,
				FC950D182398EE3A00C9B724 /* RandomStringsDataService.swift in Sources */,
				FC950CE02396905200C9B724 /* AppDelegate.swift in Sources */,
				FC950D162398EDC000C9B724 /* HomeCellModel.swift in Sources */,
				FC950D072396A25E00C9B724 /* SignInCoordinator.swift in Sources */,
				FC950CE22396905200C9B724 /* SceneDelegate.swift in Sources */,
				FC950D122396AA5900C9B724 /* HomeCoordinator.swift in Sources */,
				FC950D0F2396AA4B00C9B724 /* HomeViewController.swift in Sources */,
				FC950D092396A26C00C9B724 /* SignInViewModel.swift in Sources */,
			);
			runOnlyForDeploymentPostprocessing = 0;
		};
		FC950CEE2396905300C9B724 /* Sources */ = {
			isa = PBXSourcesBuildPhase;
			buildActionMask = 2147483647;
			files = (
				FC950CF72396905300C9B724 /* UpperIntermediateTests.swift in Sources */,
			);
			runOnlyForDeploymentPostprocessing = 0;
		};
/* End PBXSourcesBuildPhase section */

/* Begin PBXTargetDependency section */
		FC950CF42396905300C9B724 /* PBXTargetDependency */ = {
			isa = PBXTargetDependency;
			target = FC950CDB2396905200C9B724 /* UpperIntermediate */;
			targetProxy = FC950CF32396905300C9B724 /* PBXContainerItemProxy */;
		};
/* End PBXTargetDependency section */

/* Begin PBXVariantGroup section */
		FC950CEA2396905300C9B724 /* LaunchScreen.storyboard */ = {
			isa = PBXVariantGroup;
			children = (
				FC950CEB2396905300C9B724 /* Base */,
			);
			name = LaunchScreen.storyboard;
			sourceTree = "<group>";
		};
/* End PBXVariantGroup section */

/* Begin XCBuildConfiguration section */
		FC950CF92396905300C9B724 /* Debug */ = {
			isa = XCBuildConfiguration;
			buildSettings = {
				ALWAYS_SEARCH_USER_PATHS = NO;
				CLANG_ANALYZER_NONNULL = YES;
				CLANG_ANALYZER_NUMBER_OBJECT_CONVERSION = YES_AGGRESSIVE;
				CLANG_CXX_LANGUAGE_STANDARD = "gnu++14";
				CLANG_CXX_LIBRARY = "libc++";
				CLANG_ENABLE_MODULES = YES;
				CLANG_ENABLE_OBJC_ARC = YES;
				CLANG_ENABLE_OBJC_WEAK = YES;
				CLANG_WARN_BLOCK_CAPTURE_AUTORELEASING = YES;
				CLANG_WARN_BOOL_CONVERSION = YES;
				CLANG_WARN_COMMA = YES;
				CLANG_WARN_CONSTANT_CONVERSION = YES;
				CLANG_WARN_DEPRECATED_OBJC_IMPLEMENTATIONS = YES;
				CLANG_WARN_DIRECT_OBJC_ISA_USAGE = YES_ERROR;
				CLANG_WARN_DOCUMENTATION_COMMENTS = YES;
				CLANG_WARN_EMPTY_BODY = YES;
				CLANG_WARN_ENUM_CONVERSION = YES;
				CLANG_WARN_INFINITE_RECURSION = YES;
				CLANG_WARN_INT_CONVERSION = YES;
				CLANG_WARN_NON_LITERAL_NULL_CONVERSION = YES;
				CLANG_WARN_OBJC_IMPLICIT_RETAIN_SELF = YES;
				CLANG_WARN_OBJC_LITERAL_CONVERSION = YES;
				CLANG_WARN_OBJC_ROOT_CLASS = YES_ERROR;
				CLANG_WARN_RANGE_LOOP_ANALYSIS = YES;
				CLANG_WARN_STRICT_PROTOTYPES = YES;
				CLANG_WARN_SUSPICIOUS_MOVE = YES;
				CLANG_WARN_UNGUARDED_AVAILABILITY = YES_AGGRESSIVE;
				CLANG_WARN_UNREACHABLE_CODE = YES;
				CLANG_WARN__DUPLICATE_METHOD_MATCH = YES;
				COPY_PHASE_STRIP = NO;
				DEBUG_INFORMATION_FORMAT = dwarf;
				ENABLE_STRICT_OBJC_MSGSEND = YES;
				ENABLE_TESTABILITY = YES;
				GCC_C_LANGUAGE_STANDARD = gnu11;
				GCC_DYNAMIC_NO_PIC = NO;
				GCC_NO_COMMON_BLOCKS = YES;
				GCC_OPTIMIZATION_LEVEL = 0;
				GCC_PREPROCESSOR_DEFINITIONS = (
					"DEBUG=1",
					"$(inherited)",
				);
				GCC_WARN_64_TO_32_BIT_CONVERSION = YES;
				GCC_WARN_ABOUT_RETURN_TYPE = YES_ERROR;
				GCC_WARN_UNDECLARED_SELECTOR = YES;
				GCC_WARN_UNINITIALIZED_AUTOS = YES_AGGRESSIVE;
				GCC_WARN_UNUSED_FUNCTION = YES;
				GCC_WARN_UNUSED_VARIABLE = YES;
				IPHONEOS_DEPLOYMENT_TARGET = 13.2;
				MTL_ENABLE_DEBUG_INFO = INCLUDE_SOURCE;
				MTL_FAST_MATH = YES;
				ONLY_ACTIVE_ARCH = YES;
				SDKROOT = iphoneos;
				SWIFT_ACTIVE_COMPILATION_CONDITIONS = DEBUG;
				SWIFT_OPTIMIZATION_LEVEL = "-Onone";
			};
			name = Debug;
		};
		FC950CFA2396905300C9B724 /* Release */ = {
			isa = XCBuildConfiguration;
			buildSettings = {
				ALWAYS_SEARCH_USER_PATHS = NO;
				CLANG_ANALYZER_NONNULL = YES;
				CLANG_ANALYZER_NUMBER_OBJECT_CONVERSION = YES_AGGRESSIVE;
				CLANG_CXX_LANGUAGE_STANDARD = "gnu++14";
				CLANG_CXX_LIBRARY = "libc++";
				CLANG_ENABLE_MODULES = YES;
				CLANG_ENABLE_OBJC_ARC = YES;
				CLANG_ENABLE_OBJC_WEAK = YES;
				CLANG_WARN_BLOCK_CAPTURE_AUTORELEASING = YES;
				CLANG_WARN_BOOL_CONVERSION = YES;
				CLANG_WARN_COMMA = YES;
				CLANG_WARN_CONSTANT_CONVERSION = YES;
				CLANG_WARN_DEPRECATED_OBJC_IMPLEMENTATIONS = YES;
				CLANG_WARN_DIRECT_OBJC_ISA_USAGE = YES_ERROR;
				CLANG_WARN_DOCUMENTATION_COMMENTS = YES;
				CLANG_WARN_EMPTY_BODY = YES;
				CLANG_WARN_ENUM_CONVERSION = YES;
				CLANG_WARN_INFINITE_RECURSION = YES;
				CLANG_WARN_INT_CONVERSION = YES;
				CLANG_WARN_NON_LITERAL_NULL_CONVERSION = YES;
				CLANG_WARN_OBJC_IMPLICIT_RETAIN_SELF = YES;
				CLANG_WARN_OBJC_LITERAL_CONVERSION = YES;
				CLANG_WARN_OBJC_ROOT_CLASS = YES_ERROR;
				CLANG_WARN_RANGE_LOOP_ANALYSIS = YES;
				CLANG_WARN_STRICT_PROTOTYPES = YES;
				CLANG_WARN_SUSPICIOUS_MOVE = YES;
				CLANG_WARN_UNGUARDED_AVAILABILITY = YES_AGGRESSIVE;
				CLANG_WARN_UNREACHABLE_CODE = YES;
				CLANG_WARN__DUPLICATE_METHOD_MATCH = YES;
				COPY_PHASE_STRIP = NO;
				DEBUG_INFORMATION_FORMAT = "dwarf-with-dsym";
				ENABLE_NS_ASSERTIONS = NO;
				ENABLE_STRICT_OBJC_MSGSEND = YES;
				GCC_C_LANGUAGE_STANDARD = gnu11;
				GCC_NO_COMMON_BLOCKS = YES;
				GCC_WARN_64_TO_32_BIT_CONVERSION = YES;
				GCC_WARN_ABOUT_RETURN_TYPE = YES_ERROR;
				GCC_WARN_UNDECLARED_SELECTOR = YES;
				GCC_WARN_UNINITIALIZED_AUTOS = YES_AGGRESSIVE;
				GCC_WARN_UNUSED_FUNCTION = YES;
				GCC_WARN_UNUSED_VARIABLE = YES;
				IPHONEOS_DEPLOYMENT_TARGET = 13.2;
				MTL_ENABLE_DEBUG_INFO = NO;
				MTL_FAST_MATH = YES;
				SDKROOT = iphoneos;
				SWIFT_COMPILATION_MODE = wholemodule;
				SWIFT_OPTIMIZATION_LEVEL = "-O";
				VALIDATE_PRODUCT = YES;
			};
			name = Release;
		};
		FC950CFC2396905300C9B724 /* Debug */ = {
			isa = XCBuildConfiguration;
			buildSettings = {
				ASSETCATALOG_COMPILER_APPICON_NAME = AppIcon;
				CODE_SIGN_STYLE = Automatic;
				DEVELOPMENT_TEAM = F3B7V2JF57;
				INFOPLIST_FILE = UpperIntermediate/Info.plist;
				LD_RUNPATH_SEARCH_PATHS = (
					"$(inherited)",
					"@executable_path/Frameworks",
				);
				PRODUCT_BUNDLE_IDENTIFIER = q.UpperIntermediate;
				PRODUCT_NAME = "$(TARGET_NAME)";
				SWIFT_VERSION = 5.0;
				TARGETED_DEVICE_FAMILY = "1,2";
			};
			name = Debug;
		};
		FC950CFD2396905300C9B724 /* Release */ = {
			isa = XCBuildConfiguration;
			buildSettings = {
				ASSETCATALOG_COMPILER_APPICON_NAME = AppIcon;
				CODE_SIGN_STYLE = Automatic;
				DEVELOPMENT_TEAM = F3B7V2JF57;
				INFOPLIST_FILE = UpperIntermediate/Info.plist;
				LD_RUNPATH_SEARCH_PATHS = (
					"$(inherited)",
					"@executable_path/Frameworks",
				);
				PRODUCT_BUNDLE_IDENTIFIER = q.UpperIntermediate;
				PRODUCT_NAME = "$(TARGET_NAME)";
				SWIFT_VERSION = 5.0;
				TARGETED_DEVICE_FAMILY = "1,2";
			};
			name = Release;
		};
		FC950CFF2396905300C9B724 /* Debug */ = {
			isa = XCBuildConfiguration;
			buildSettings = {
				ALWAYS_EMBED_SWIFT_STANDARD_LIBRARIES = YES;
				BUNDLE_LOADER = "$(TEST_HOST)";
				CODE_SIGN_STYLE = Automatic;
				DEVELOPMENT_TEAM = F3B7V2JF57;
				INFOPLIST_FILE = UpperIntermediateTests/Info.plist;
				IPHONEOS_DEPLOYMENT_TARGET = 13.2;
				LD_RUNPATH_SEARCH_PATHS = (
					"$(inherited)",
					"@executable_path/Frameworks",
					"@loader_path/Frameworks",
				);
				PRODUCT_BUNDLE_IDENTIFIER = q.UpperIntermediateTests;
				PRODUCT_NAME = "$(TARGET_NAME)";
				SWIFT_VERSION = 5.0;
				TARGETED_DEVICE_FAMILY = "1,2";
				TEST_HOST = "$(BUILT_PRODUCTS_DIR)/UpperIntermediate.app/UpperIntermediate";
			};
			name = Debug;
		};
		FC950D002396905300C9B724 /* Release */ = {
			isa = XCBuildConfiguration;
			buildSettings = {
				ALWAYS_EMBED_SWIFT_STANDARD_LIBRARIES = YES;
				BUNDLE_LOADER = "$(TEST_HOST)";
				CODE_SIGN_STYLE = Automatic;
				DEVELOPMENT_TEAM = F3B7V2JF57;
				INFOPLIST_FILE = UpperIntermediateTests/Info.plist;
				IPHONEOS_DEPLOYMENT_TARGET = 13.2;
				LD_RUNPATH_SEARCH_PATHS = (
					"$(inherited)",
					"@executable_path/Frameworks",
					"@loader_path/Frameworks",
				);
				PRODUCT_BUNDLE_IDENTIFIER = q.UpperIntermediateTests;
				PRODUCT_NAME = "$(TARGET_NAME)";
				SWIFT_VERSION = 5.0;
				TARGETED_DEVICE_FAMILY = "1,2";
				TEST_HOST = "$(BUILT_PRODUCTS_DIR)/UpperIntermediate.app/UpperIntermediate";
			};
			name = Release;
		};
/* End XCBuildConfiguration section */

/* Begin XCConfigurationList section */
		FC950CD72396905200C9B724 /* Build configuration list for PBXProject "UpperIntermediate" */ = {
			isa = XCConfigurationList;
			buildConfigurations = (
				FC950CF92396905300C9B724 /* Debug */,
				FC950CFA2396905300C9B724 /* Release */,
			);
			defaultConfigurationIsVisible = 0;
			defaultConfigurationName = Release;
		};
		FC950CFB2396905300C9B724 /* Build configuration list for PBXNativeTarget "UpperIntermediate" */ = {
			isa = XCConfigurationList;
			buildConfigurations = (
				FC950CFC2396905300C9B724 /* Debug */,
				FC950CFD2396905300C9B724 /* Release */,
			);
			defaultConfigurationIsVisible = 0;
			defaultConfigurationName = Release;
		};
		FC950CFE2396905300C9B724 /* Build configuration list for PBXNativeTarget "UpperIntermediateTests" */ = {
			isa = XCConfigurationList;
			buildConfigurations = (
				FC950CFF2396905300C9B724 /* Debug */,
				FC950D002396905300C9B724 /* Release */,
			);
			defaultConfigurationIsVisible = 0;
			defaultConfigurationName = Release;
		};
/* End XCConfigurationList section */
	};
	rootObject = FC950CD42396905200C9B724 /* Project object */;
}
