// !$*UTF8*$!
{
	archiveVersion = 1;
	classes = {
	};
	objectVersion = 50;
	objects = {

/* Begin PBXBuildFile section */
		6B7B19F921613A72009F4389 /* AppDelegate.swift in Sources */ = {isa = PBXBuildFile; fileRef = 6B7B19F821613A72009F4389 /* AppDelegate.swift */; };
		6B7B19FB21613A72009F4389 /* ViewController.swift in Sources */ = {isa = PBXBuildFile; fileRef = 6B7B19FA21613A72009F4389 /* ViewController.swift */; };
		6B7B19FE21613A72009F4389 /* Main.storyboard in Resources */ = {isa = PBXBuildFile; fileRef = 6B7B19FC21613A72009F4389 /* Main.storyboard */; };
		6B7B1A0021613A74009F4389 /* Assets.xcassets in Resources */ = {isa = PBXBuildFile; fileRef = 6B7B19FF21613A74009F4389 /* Assets.xcassets */; };
		6B7B1A0321613A74009F4389 /* LaunchScreen.storyboard in Resources */ = {isa = PBXBuildFile; fileRef = 6B7B1A0121613A74009F4389 /* LaunchScreen.storyboard */; };
		6B7B1A0B21613AAB009F4389 /* Cache.swift in Sources */ = {isa = PBXBuildFile; fileRef = 6B7B1A0A21613AAB009F4389 /* Cache.swift */; };
		6B7B1A1921613B04009F4389 /* img-3.jpg in Resources */ = {isa = PBXBuildFile; fileRef = 6B7B1A0D21613B04009F4389 /* img-3.jpg */; };
		6B7B1A1A21613B04009F4389 /* img-2.jpg in Resources */ = {isa = PBXBuildFile; fileRef = 6B7B1A0E21613B04009F4389 /* img-2.jpg */; };
		6B7B1A1B21613B04009F4389 /* img-1.jpg in Resources */ = {isa = PBXBuildFile; fileRef = 6B7B1A0F21613B04009F4389 /* img-1.jpg */; };
		6B7B1A1C21613B04009F4389 /* img-5.jpg in Resources */ = {isa = PBXBuildFile; fileRef = 6B7B1A1021613B04009F4389 /* img-5.jpg */; };
		6B7B1A1D21613B04009F4389 /* img-4.jpg in Resources */ = {isa = PBXBuildFile; fileRef = 6B7B1A1121613B04009F4389 /* img-4.jpg */; };
		6B7B1A1E21613B04009F4389 /* img-6.jpg in Resources */ = {isa = PBXBuildFile; fileRef = 6B7B1A1221613B04009F4389 /* img-6.jpg */; };
		6B7B1A1F21613B04009F4389 /* img-7.jpg in Resources */ = {isa = PBXBuildFile; fileRef = 6B7B1A1321613B04009F4389 /* img-7.jpg */; };
		6B7B1A2021613B04009F4389 /* img-9.jpg in Resources */ = {isa = PBXBuildFile; fileRef = 6B7B1A1421613B04009F4389 /* img-9.jpg */; };
		6B7B1A2121613B04009F4389 /* img-8.jpg in Resources */ = {isa = PBXBuildFile; fileRef = 6B7B1A1521613B04009F4389 /* img-8.jpg */; };
		6B7B1A2221613B04009F4389 /* img-12.jpg in Resources */ = {isa = PBXBuildFile; fileRef = 6B7B1A1621613B04009F4389 /* img-12.jpg */; };
		6B7B1A2321613B04009F4389 /* img-10.jpg in Resources */ = {isa = PBXBuildFile; fileRef = 6B7B1A1721613B04009F4389 /* img-10.jpg */; };
		6B7B1A2421613B04009F4389 /* img-11.jpg in Resources */ = {isa = PBXBuildFile; fileRef = 6B7B1A1821613B04009F4389 /* img-11.jpg */; };
		6B7B1A2A21613B5E009F4389 /* Time.storyboard in Resources */ = {isa = PBXBuildFile; fileRef = 6B7B1A2621613B5E009F4389 /* Time.storyboard */; };
		6B7B1A2B21613B5E009F4389 /* TimeEaterFlowController.swift in Sources */ = {isa = PBXBuildFile; fileRef = 6B7B1A2821613B5E009F4389 /* TimeEaterFlowController.swift */; };
		6B7B1A2C21613B5E009F4389 /* TimeEaterChildViewController.swift in Sources */ = {isa = PBXBuildFile; fileRef = 6B7B1A2921613B5E009F4389 /* TimeEaterChildViewController.swift */; };
		FCA0FD0423D1D3B900B7B427 /* GifExtension.swift in Sources */ = {isa = PBXBuildFile; fileRef = FCA0FD0323D1D3B900B7B427 /* GifExtension.swift */; };
		FCA0FD0623D1D55300B7B427 /* giphy.gif in Resources */ = {isa = PBXBuildFile; fileRef = FCA0FD0523D1D55300B7B427 /* giphy.gif */; };
		FCA0FD0823D1D5AD00B7B427 /* image-loader.gif in Resources */ = {isa = PBXBuildFile; fileRef = FCA0FD0723D1D5AD00B7B427 /* image-loader.gif */; };
		FCA0FD0B23D1D78B00B7B427 /* TableViewCell.swift in Sources */ = {isa = PBXBuildFile; fileRef = FCA0FD0923D1D78B00B7B427 /* TableViewCell.swift */; };
		FCA0FD0C23D1D78B00B7B427 /* TableViewCell.xib in Resources */ = {isa = PBXBuildFile; fileRef = FCA0FD0A23D1D78B00B7B427 /* TableViewCell.xib */; };
/* End PBXBuildFile section */

/* Begin PBXFileReference section */
		6B7B19F521613A72009F4389 /* ToolsHomeWork.app */ = {isa = PBXFileReference; explicitFileType = wrapper.application; includeInIndex = 0; path = ToolsHomeWork.app; sourceTree = BUILT_PRODUCTS_DIR; };
		6B7B19F821613A72009F4389 /* AppDelegate.swift */ = {isa = PBXFileReference; lastKnownFileType = sourcecode.swift; path = AppDelegate.swift; sourceTree = "<group>"; };
		6B7B19FA21613A72009F4389 /* ViewController.swift */ = {isa = PBXFileReference; lastKnownFileType = sourcecode.swift; path = ViewController.swift; sourceTree = "<group>"; };
		6B7B19FD21613A72009F4389 /* Base */ = {isa = PBXFileReference; lastKnownFileType = file.storyboard; name = Base; path = Base.lproj/Main.storyboard; sourceTree = "<group>"; };
		6B7B19FF21613A74009F4389 /* Assets.xcassets */ = {isa = PBXFileReference; lastKnownFileType = folder.assetcatalog; path = Assets.xcassets; sourceTree = "<group>"; };
		6B7B1A0221613A74009F4389 /* Base */ = {isa = PBXFileReference; lastKnownFileType = file.storyboard; name = Base; path = Base.lproj/LaunchScreen.storyboard; sourceTree = "<group>"; };
		6B7B1A0421613A74009F4389 /* Info.plist */ = {isa = PBXFileReference; lastKnownFileType = text.plist.xml; path = Info.plist; sourceTree = "<group>"; };
		6B7B1A0A21613AAB009F4389 /* Cache.swift */ = {isa = PBXFileReference; lastKnownFileType = sourcecode.swift; path = Cache.swift; sourceTree = "<group>"; };
		6B7B1A0D21613B04009F4389 /* img-3.jpg */ = {isa = PBXFileReference; lastKnownFileType = image.jpeg; path = "img-3.jpg"; sourceTree = "<group>"; };
		6B7B1A0E21613B04009F4389 /* img-2.jpg */ = {isa = PBXFileReference; lastKnownFileType = image.jpeg; path = "img-2.jpg"; sourceTree = "<group>"; };
		6B7B1A0F21613B04009F4389 /* img-1.jpg */ = {isa = PBXFileReference; lastKnownFileType = image.jpeg; path = "img-1.jpg"; sourceTree = "<group>"; };
		6B7B1A1021613B04009F4389 /* img-5.jpg */ = {isa = PBXFileReference; lastKnownFileType = image.jpeg; path = "img-5.jpg"; sourceTree = "<group>"; };
		6B7B1A1121613B04009F4389 /* img-4.jpg */ = {isa = PBXFileReference; lastKnownFileType = image.jpeg; path = "img-4.jpg"; sourceTree = "<group>"; };
		6B7B1A1221613B04009F4389 /* img-6.jpg */ = {isa = PBXFileReference; lastKnownFileType = image.jpeg; path = "img-6.jpg"; sourceTree = "<group>"; };
		6B7B1A1321613B04009F4389 /* img-7.jpg */ = {isa = PBXFileReference; lastKnownFileType = image.jpeg; path = "img-7.jpg"; sourceTree = "<group>"; };
		6B7B1A1421613B04009F4389 /* img-9.jpg */ = {isa = PBXFileReference; lastKnownFileType = image.jpeg; path = "img-9.jpg"; sourceTree = "<group>"; };
		6B7B1A1521613B04009F4389 /* img-8.jpg */ = {isa = PBXFileReference; lastKnownFileType = image.jpeg; path = "img-8.jpg"; sourceTree = "<group>"; };
		6B7B1A1621613B04009F4389 /* img-12.jpg */ = {isa = PBXFileReference; lastKnownFileType = image.jpeg; path = "img-12.jpg"; sourceTree = "<group>"; };
		6B7B1A1721613B04009F4389 /* img-10.jpg */ = {isa = PBXFileReference; lastKnownFileType = image.jpeg; path = "img-10.jpg"; sourceTree = "<group>"; };
		6B7B1A1821613B04009F4389 /* img-11.jpg */ = {isa = PBXFileReference; lastKnownFileType = image.jpeg; path = "img-11.jpg"; sourceTree = "<group>"; };
		6B7B1A2621613B5E009F4389 /* Time.storyboard */ = {isa = PBXFileReference; fileEncoding = 4; lastKnownFileType = file.storyboard; path = Time.storyboard; sourceTree = "<group>"; };
		6B7B1A2821613B5E009F4389 /* TimeEaterFlowController.swift */ = {isa = PBXFileReference; fileEncoding = 4; lastKnownFileType = sourcecode.swift; path = TimeEaterFlowController.swift; sourceTree = "<group>"; };
		6B7B1A2921613B5E009F4389 /* TimeEaterChildViewController.swift */ = {isa = PBXFileReference; fileEncoding = 4; lastKnownFileType = sourcecode.swift; path = TimeEaterChildViewController.swift; sourceTree = "<group>"; };
		FCA0FD0323D1D3B900B7B427 /* GifExtension.swift */ = {isa = PBXFileReference; lastKnownFileType = sourcecode.swift; path = GifExtension.swift; sourceTree = "<group>"; };
		FCA0FD0523D1D55300B7B427 /* giphy.gif */ = {isa = PBXFileReference; lastKnownFileType = image.gif; path = giphy.gif; sourceTree = "<group>"; };
		FCA0FD0723D1D5AD00B7B427 /* image-loader.gif */ = {isa = PBXFileReference; lastKnownFileType = image.gif; path = "image-loader.gif"; sourceTree = "<group>"; };
		FCA0FD0923D1D78B00B7B427 /* TableViewCell.swift */ = {isa = PBXFileReference; lastKnownFileType = sourcecode.swift; path = TableViewCell.swift; sourceTree = "<group>"; };
		FCA0FD0A23D1D78B00B7B427 /* TableViewCell.xib */ = {isa = PBXFileReference; lastKnownFileType = file.xib; path = TableViewCell.xib; sourceTree = "<group>"; };
/* End PBXFileReference section */

/* Begin PBXFrameworksBuildPhase section */
		6B7B19F221613A72009F4389 /* Frameworks */ = {
			isa = PBXFrameworksBuildPhase;
			buildActionMask = 2147483647;
			files = (
			);
			runOnlyForDeploymentPostprocessing = 0;
		};
/* End PBXFrameworksBuildPhase section */

/* Begin PBXGroup section */
		6B7B19EC21613A72009F4389 = {
			isa = PBXGroup;
			children = (
				6B7B19F721613A72009F4389 /* ToolsHomeWork */,
				6B7B19F621613A72009F4389 /* Products */,
			);
			sourceTree = "<group>";
		};
		6B7B19F621613A72009F4389 /* Products */ = {
			isa = PBXGroup;
			children = (
				6B7B19F521613A72009F4389 /* ToolsHomeWork.app */,
			);
			name = Products;
			sourceTree = "<group>";
		};
		6B7B19F721613A72009F4389 /* ToolsHomeWork */ = {
			isa = PBXGroup;
			children = (
				6B7B1A2521613B5E009F4389 /* Time Eater */,
				6B7B1A0C21613B04009F4389 /* ImageFeed */,
				6B7B19F821613A72009F4389 /* AppDelegate.swift */,
				FCA0FD0723D1D5AD00B7B427 /* image-loader.gif */,
				FCA0FD0523D1D55300B7B427 /* giphy.gif */,
				6B7B19FA21613A72009F4389 /* ViewController.swift */,
				6B7B19FC21613A72009F4389 /* Main.storyboard */,
				6B7B19FF21613A74009F4389 /* Assets.xcassets */,
				6B7B1A0121613A74009F4389 /* LaunchScreen.storyboard */,
				6B7B1A0421613A74009F4389 /* Info.plist */,
				6B7B1A0A21613AAB009F4389 /* Cache.swift */,
			);
			path = ToolsHomeWork;
			sourceTree = "<group>";
		};
		6B7B1A0C21613B04009F4389 /* ImageFeed */ = {
			isa = PBXGroup;
			children = (
				6B7B1A0D21613B04009F4389 /* img-3.jpg */,
				6B7B1A0E21613B04009F4389 /* img-2.jpg */,
				6B7B1A0F21613B04009F4389 /* img-1.jpg */,
				6B7B1A1021613B04009F4389 /* img-5.jpg */,
				6B7B1A1121613B04009F4389 /* img-4.jpg */,
				6B7B1A1221613B04009F4389 /* img-6.jpg */,
				6B7B1A1321613B04009F4389 /* img-7.jpg */,
				6B7B1A1421613B04009F4389 /* img-9.jpg */,
				6B7B1A1521613B04009F4389 /* img-8.jpg */,
				6B7B1A1621613B04009F4389 /* img-12.jpg */,
				6B7B1A1721613B04009F4389 /* img-10.jpg */,
				6B7B1A1821613B04009F4389 /* img-11.jpg */,
				FCA0FD0323D1D3B900B7B427 /* GifExtension.swift */,
			);
			path = ImageFeed;
			sourceTree = "<group>";
		};
		6B7B1A2521613B5E009F4389 /* Time Eater */ = {
			isa = PBXGroup;
			children = (
				6B7B1A2621613B5E009F4389 /* Time.storyboard */,
				6B7B1A2721613B5E009F4389 /* Classes */,
			);
			path = "Time Eater";
			sourceTree = "<group>";
		};
		6B7B1A2721613B5E009F4389 /* Classes */ = {
			isa = PBXGroup;
			children = (
				6B7B1A2821613B5E009F4389 /* TimeEaterFlowController.swift */,
				6B7B1A2921613B5E009F4389 /* TimeEaterChildViewController.swift */,
				FCA0FD0923D1D78B00B7B427 /* TableViewCell.swift */,
				FCA0FD0A23D1D78B00B7B427 /* TableViewCell.xib */,
			);
			path = Classes;
			sourceTree = "<group>";
		};
/* End PBXGroup section */

/* Begin PBXNativeTarget section */
		6B7B19F421613A72009F4389 /* ToolsHomeWork */ = {
			isa = PBXNativeTarget;
			buildConfigurationList = 6B7B1A0721613A74009F4389 /* Build configuration list for PBXNativeTarget "ToolsHomeWork" */;
			buildPhases = (
				6B7B19F121613A72009F4389 /* Sources */,
				6B7B19F221613A72009F4389 /* Frameworks */,
				6B7B19F321613A72009F4389 /* Resources */,
			);
			buildRules = (
			);
			dependencies = (
			);
			name = ToolsHomeWork;
			productName = ToolsHomeWork;
			productReference = 6B7B19F521613A72009F4389 /* ToolsHomeWork.app */;
			productType = "com.apple.product-type.application";
		};
/* End PBXNativeTarget section */

/* Begin PBXProject section */
		6B7B19ED21613A72009F4389 /* Project object */ = {
			isa = PBXProject;
			attributes = {
				LastSwiftUpdateCheck = 1000;
				LastUpgradeCheck = 1000;
				ORGANIZATIONNAME = "Igor Kupreev";
				TargetAttributes = {
					6B7B19F421613A72009F4389 = {
						CreatedOnToolsVersion = 10.0;
					};
				};
			};
			buildConfigurationList = 6B7B19F021613A72009F4389 /* Build configuration list for PBXProject "ToolsHomeWork" */;
			compatibilityVersion = "Xcode 9.3";
			developmentRegion = en;
			hasScannedForEncodings = 0;
			knownRegions = (
				en,
				Base,
			);
			mainGroup = 6B7B19EC21613A72009F4389;
			productRefGroup = 6B7B19F621613A72009F4389 /* Products */;
			projectDirPath = "";
			projectRoot = "";
			targets = (
				6B7B19F421613A72009F4389 /* ToolsHomeWork */,
			);
		};
/* End PBXProject section */

/* Begin PBXResourcesBuildPhase section */
		6B7B19F321613A72009F4389 /* Resources */ = {
			isa = PBXResourcesBuildPhase;
			buildActionMask = 2147483647;
			files = (
				6B7B1A0321613A74009F4389 /* LaunchScreen.storyboard in Resources */,
				6B7B1A2421613B04009F4389 /* img-11.jpg in Resources */,
				6B7B1A2221613B04009F4389 /* img-12.jpg in Resources */,
				6B7B1A2321613B04009F4389 /* img-10.jpg in Resources */,
				6B7B1A1F21613B04009F4389 /* img-7.jpg in Resources */,
				6B7B1A2A21613B5E009F4389 /* Time.storyboard in Resources */,
				6B7B1A2121613B04009F4389 /* img-8.jpg in Resources */,
				FCA0FD0823D1D5AD00B7B427 /* image-loader.gif in Resources */,
				FCA0FD0623D1D55300B7B427 /* giphy.gif in Resources */,
				6B7B1A1C21613B04009F4389 /* img-5.jpg in Resources */,
				FCA0FD0C23D1D78B00B7B427 /* TableViewCell.xib in Resources */,
				6B7B1A1A21613B04009F4389 /* img-2.jpg in Resources */,
				6B7B1A1921613B04009F4389 /* img-3.jpg in Resources */,
				6B7B1A0021613A74009F4389 /* Assets.xcassets in Resources */,
				6B7B19FE21613A72009F4389 /* Main.storyboard in Resources */,
				6B7B1A2021613B04009F4389 /* img-9.jpg in Resources */,
				6B7B1A1D21613B04009F4389 /* img-4.jpg in Resources */,
				6B7B1A1B21613B04009F4389 /* img-1.jpg in Resources */,
				6B7B1A1E21613B04009F4389 /* img-6.jpg in Resources */,
			);
			runOnlyForDeploymentPostprocessing = 0;
		};
/* End PBXResourcesBuildPhase section */

/* Begin PBXSourcesBuildPhase section */
		6B7B19F121613A72009F4389 /* Sources */ = {
			isa = PBXSourcesBuildPhase;
			buildActionMask = 2147483647;
			files = (
				6B7B1A2C21613B5E009F4389 /* TimeEaterChildViewController.swift in Sources */,
				6B7B1A2B21613B5E009F4389 /* TimeEaterFlowController.swift in Sources */,
				6B7B19FB21613A72009F4389 /* ViewController.swift in Sources */,
				6B7B1A0B21613AAB009F4389 /* Cache.swift in Sources */,
				FCA0FD0423D1D3B900B7B427 /* GifExtension.swift in Sources */,
				FCA0FD0B23D1D78B00B7B427 /* TableViewCell.swift in Sources */,
				6B7B19F921613A72009F4389 /* AppDelegate.swift in Sources */,
			);
			runOnlyForDeploymentPostprocessing = 0;
		};
/* End PBXSourcesBuildPhase section */

/* Begin PBXVariantGroup section */
		6B7B19FC21613A72009F4389 /* Main.storyboard */ = {
			isa = PBXVariantGroup;
			children = (
				6B7B19FD21613A72009F4389 /* Base */,
			);
			name = Main.storyboard;
			sourceTree = "<group>";
		};
		6B7B1A0121613A74009F4389 /* LaunchScreen.storyboard */ = {
			isa = PBXVariantGroup;
			children = (
				6B7B1A0221613A74009F4389 /* Base */,
			);
			name = LaunchScreen.storyboard;
			sourceTree = "<group>";
		};
/* End PBXVariantGroup section */

/* Begin XCBuildConfiguration section */
		6B7B1A0521613A74009F4389 /* Debug */ = {
			isa = XCBuildConfiguration;
			buildSettings = {
				ALWAYS_SEARCH_USER_PATHS = NO;
				CLANG_ANALYZER_NONNULL = YES;
				CLANG_ANALYZER_NUMBER_OBJECT_CONVERSION = YES_AGGRESSIVE;
				CLANG_CXX_LANGUAGE_STANDARD = "gnu++14";
				CLANG_CXX_LIBRARY = "libc++";
				CLANG_ENABLE_MODULES = YES;
				CLANG_ENABLE_OBJC_ARC = YES;
				CLANG_ENABLE_OBJC_WEAK = YES;
				CLANG_WARN_BLOCK_CAPTURE_AUTORELEASING = YES;
				CLANG_WARN_BOOL_CONVERSION = YES;
				CLANG_WARN_COMMA = YES;
				CLANG_WARN_CONSTANT_CONVERSION = YES;
				CLANG_WARN_DEPRECATED_OBJC_IMPLEMENTATIONS = YES;
				CLANG_WARN_DIRECT_OBJC_ISA_USAGE = YES_ERROR;
				CLANG_WARN_DOCUMENTATION_COMMENTS = YES;
				CLANG_WARN_EMPTY_BODY = YES;
				CLANG_WARN_ENUM_CONVERSION = YES;
				CLANG_WARN_INFINITE_RECURSION = YES;
				CLANG_WARN_INT_CONVERSION = YES;
				CLANG_WARN_NON_LITERAL_NULL_CONVERSION = YES;
				CLANG_WARN_OBJC_IMPLICIT_RETAIN_SELF = YES;
				CLANG_WARN_OBJC_LITERAL_CONVERSION = YES;
				CLANG_WARN_OBJC_ROOT_CLASS = YES_ERROR;
				CLANG_WARN_RANGE_LOOP_ANALYSIS = YES;
				CLANG_WARN_STRICT_PROTOTYPES = YES;
				CLANG_WARN_SUSPICIOUS_MOVE = YES;
				CLANG_WARN_UNGUARDED_AVAILABILITY = YES_AGGRESSIVE;
				CLANG_WARN_UNREACHABLE_CODE = YES;
				CLANG_WARN__DUPLICATE_METHOD_MATCH = YES;
				CODE_SIGN_IDENTITY = "iPhone Developer";
				COPY_PHASE_STRIP = NO;
				DEBUG_INFORMATION_FORMAT = dwarf;
				ENABLE_STRICT_OBJC_MSGSEND = YES;
				ENABLE_TESTABILITY = YES;
				GCC_C_LANGUAGE_STANDARD = gnu11;
				GCC_DYNAMIC_NO_PIC = NO;
				GCC_NO_COMMON_BLOCKS = YES;
				GCC_OPTIMIZATION_LEVEL = 0;
				GCC_PREPROCESSOR_DEFINITIONS = (
					"DEBUG=1",
					"$(inherited)",
				);
				GCC_WARN_64_TO_32_BIT_CONVERSION = YES;
				GCC_WARN_ABOUT_RETURN_TYPE = YES_ERROR;
				GCC_WARN_UNDECLARED_SELECTOR = YES;
				GCC_WARN_UNINITIALIZED_AUTOS = YES_AGGRESSIVE;
				GCC_WARN_UNUSED_FUNCTION = YES;
				GCC_WARN_UNUSED_VARIABLE = YES;
				IPHONEOS_DEPLOYMENT_TARGET = 11.0;
				MTL_ENABLE_DEBUG_INFO = INCLUDE_SOURCE;
				MTL_FAST_MATH = YES;
				ONLY_ACTIVE_ARCH = YES;
				SDKROOT = iphoneos;
				SWIFT_ACTIVE_COMPILATION_CONDITIONS = DEBUG;
				SWIFT_OPTIMIZATION_LEVEL = "-Onone";
			};
			name = Debug;
		};
		6B7B1A0621613A74009F4389 /* Release */ = {
			isa = XCBuildConfiguration;
			buildSettings = {
				ALWAYS_SEARCH_USER_PATHS = NO;
				CLANG_ANALYZER_NONNULL = YES;
				CLANG_ANALYZER_NUMBER_OBJECT_CONVERSION = YES_AGGRESSIVE;
				CLANG_CXX_LANGUAGE_STANDARD = "gnu++14";
				CLANG_CXX_LIBRARY = "libc++";
				CLANG_ENABLE_MODULES = YES;
				CLANG_ENABLE_OBJC_ARC = YES;
				CLANG_ENABLE_OBJC_WEAK = YES;
				CLANG_WARN_BLOCK_CAPTURE_AUTORELEASING = YES;
				CLANG_WARN_BOOL_CONVERSION = YES;
				CLANG_WARN_COMMA = YES;
				CLANG_WARN_CONSTANT_CONVERSION = YES;
				CLANG_WARN_DEPRECATED_OBJC_IMPLEMENTATIONS = YES;
				CLANG_WARN_DIRECT_OBJC_ISA_USAGE = YES_ERROR;
				CLANG_WARN_DOCUMENTATION_COMMENTS = YES;
				CLANG_WARN_EMPTY_BODY = YES;
				CLANG_WARN_ENUM_CONVERSION = YES;
				CLANG_WARN_INFINITE_RECURSION = YES;
				CLANG_WARN_INT_CONVERSION = YES;
				CLANG_WARN_NON_LITERAL_NULL_CONVERSION = YES;
				CLANG_WARN_OBJC_IMPLICIT_RETAIN_SELF = YES;
				CLANG_WARN_OBJC_LITERAL_CONVERSION = YES;
				CLANG_WARN_OBJC_ROOT_CLASS = YES_ERROR;
				CLANG_WARN_RANGE_LOOP_ANALYSIS = YES;
				CLANG_WARN_STRICT_PROTOTYPES = YES;
				CLANG_WARN_SUSPICIOUS_MOVE = YES;
				CLANG_WARN_UNGUARDED_AVAILABILITY = YES_AGGRESSIVE;
				CLANG_WARN_UNREACHABLE_CODE = YES;
				CLANG_WARN__DUPLICATE_METHOD_MATCH = YES;
				CODE_SIGN_IDENTITY = "iPhone Developer";
				COPY_PHASE_STRIP = NO;
				DEBUG_INFORMATION_FORMAT = "dwarf-with-dsym";
				ENABLE_NS_ASSERTIONS = NO;
				ENABLE_STRICT_OBJC_MSGSEND = YES;
				GCC_C_LANGUAGE_STANDARD = gnu11;
				GCC_NO_COMMON_BLOCKS = YES;
				GCC_WARN_64_TO_32_BIT_CONVERSION = YES;
				GCC_WARN_ABOUT_RETURN_TYPE = YES_ERROR;
				GCC_WARN_UNDECLARED_SELECTOR = YES;
				GCC_WARN_UNINITIALIZED_AUTOS = YES_AGGRESSIVE;
				GCC_WARN_UNUSED_FUNCTION = YES;
				GCC_WARN_UNUSED_VARIABLE = YES;
				IPHONEOS_DEPLOYMENT_TARGET = 11.0;
				MTL_ENABLE_DEBUG_INFO = NO;
				MTL_FAST_MATH = YES;
				SDKROOT = iphoneos;
				SWIFT_COMPILATION_MODE = wholemodule;
				SWIFT_OPTIMIZATION_LEVEL = "-O";
				VALIDATE_PRODUCT = YES;
			};
			name = Release;
		};
		6B7B1A0821613A74009F4389 /* Debug */ = {
			isa = XCBuildConfiguration;
			buildSettings = {
				ASSETCATALOG_COMPILER_APPICON_NAME = AppIcon;
				CODE_SIGN_STYLE = Automatic;
				INFOPLIST_FILE = ToolsHomeWork/Info.plist;
				LD_RUNPATH_SEARCH_PATHS = (
					"$(inherited)",
					"@executable_path/Frameworks",
				);
				PRODUCT_BUNDLE_IDENTIFIER = igorkupreev.ToolsHomeWork;
				PRODUCT_NAME = "$(TARGET_NAME)";
				SWIFT_VERSION = 4.2;
				TARGETED_DEVICE_FAMILY = "1,2";
			};
			name = Debug;
		};
		6B7B1A0921613A74009F4389 /* Release */ = {
			isa = XCBuildConfiguration;
			buildSettings = {
				ASSETCATALOG_COMPILER_APPICON_NAME = AppIcon;
				CODE_SIGN_STYLE = Automatic;
				INFOPLIST_FILE = ToolsHomeWork/Info.plist;
				LD_RUNPATH_SEARCH_PATHS = (
					"$(inherited)",
					"@executable_path/Frameworks",
				);
				PRODUCT_BUNDLE_IDENTIFIER = igorkupreev.ToolsHomeWork;
				PRODUCT_NAME = "$(TARGET_NAME)";
				SWIFT_VERSION = 4.2;
				TARGETED_DEVICE_FAMILY = "1,2";
			};
			name = Release;
		};
/* End XCBuildConfiguration section */

/* Begin XCConfigurationList section */
		6B7B19F021613A72009F4389 /* Build configuration list for PBXProject "ToolsHomeWork" */ = {
			isa = XCConfigurationList;
			buildConfigurations = (
				6B7B1A0521613A74009F4389 /* Debug */,
				6B7B1A0621613A74009F4389 /* Release */,
			);
			defaultConfigurationIsVisible = 0;
			defaultConfigurationName = Release;
		};
		6B7B1A0721613A74009F4389 /* Build configuration list for PBXNativeTarget "ToolsHomeWork" */ = {
			isa = XCConfigurationList;
			buildConfigurations = (
				6B7B1A0821613A74009F4389 /* Debug */,
				6B7B1A0921613A74009F4389 /* Release */,
			);
			defaultConfigurationIsVisible = 0;
			defaultConfigurationName = Release;
		};
/* End XCConfigurationList section */
	};
	rootObject = 6B7B19ED21613A72009F4389 /* Project object */;
}
